
Microsoft Visual Studio Solution File, Format Version 12.00
# Visual Studio Version 16
VisualStudioVersion = 16.0.30114.105
MinimumVisualStudioVersion = 10.0.40219.1
Project("{FAE04EC0-301F-11D3-BF4B-00C04F79EFBC}") = "TestCommon", "..\TestCommon\TestCommon.csproj", "{0615CB45-18BB-48D6-A262-5929F54BF25A}"
EndProject
Project("{FAE04EC0-301F-11D3-BF4B-00C04F79EFBC}") = "A9", "A9\A9.csproj", "{96C8C2EF-56AD-419E-8F01-D04F9F0B2FFD}"
EndProject
Project("{FAE04EC0-301F-11D3-BF4B-00C04F79EFBC}") = "A9.Tests", "A9.Tests\A9.Tests.csproj", "{104FE452-D8F7-4212-852E-6504ACDEC25F}"
EndProject
Global
	GlobalSection(SolutionConfigurationPlatforms) = preSolution
		Debug|Any CPU = Debug|Any CPU
		Debug|x64 = Debug|x64
		Debug|x86 = Debug|x86
		Release|Any CPU = Release|Any CPU
		Release|x64 = Release|x64
		Release|x86 = Release|x86
	EndGlobalSection
	GlobalSection(SolutionProperties) = preSolution
		HideSolutionNode = FALSE
	EndGlobalSection
	GlobalSection(ProjectConfigurationPlatforms) = postSolution
		{0615CB45-18BB-48D6-A262-5929F54BF25A}.Debug|Any CPU.ActiveCfg = Debug|Any CPU
		{0615CB45-18BB-48D6-A262-5929F54BF25A}.Debug|Any CPU.Build.0 = Debug|Any CPU
		{0615CB45-18BB-48D6-A262-5929F54BF25A}.Debug|x64.ActiveCfg = Debug|Any CPU
		{0615CB45-18BB-48D6-A262-5929F54BF25A}.Debug|x64.Build.0 = Debug|Any CPU
		{0615CB45-18BB-48D6-A262-5929F54BF25A}.Debug|x86.ActiveCfg = Debug|Any CPU
		{0615CB45-18BB-48D6-A262-5929F54BF25A}.Debug|x86.Build.0 = Debug|Any CPU
		{0615CB45-18BB-48D6-A262-5929F54BF25A}.Release|Any CPU.ActiveCfg = Release|Any CPU
		{0615CB45-18BB-48D6-A262-5929F54BF25A}.Release|Any CPU.Build.0 = Release|Any CPU
		{0615CB45-18BB-48D6-A262-5929F54BF25A}.Release|x64.ActiveCfg = Release|Any CPU
		{0615CB45-18BB-48D6-A262-5929F54BF25A}.Release|x64.Build.0 = Release|Any CPU
		{0615CB45-18BB-48D6-A262-5929F54BF25A}.Release|x86.ActiveCfg = Release|Any CPU
		{0615CB45-18BB-48D6-A262-5929F54BF25A}.Release|x86.Build.0 = Release|Any CPU
		{96C8C2EF-56AD-419E-8F01-D04F9F0B2FFD}.Debug|Any CPU.ActiveCfg = Debug|Any CPU
		{96C8C2EF-56AD-419E-8F01-D04F9F0B2FFD}.Debug|Any CPU.Build.0 = Debug|Any CPU
		{96C8C2EF-56AD-419E-8F01-D04F9F0B2FFD}.Debug|x64.ActiveCfg = Debug|Any CPU
		{96C8C2EF-56AD-419E-8F01-D04F9F0B2FFD}.Debug|x64.Build.0 = Debug|Any CPU
		{96C8C2EF-56AD-419E-8F01-D04F9F0B2FFD}.Debug|x86.ActiveCfg = Debug|Any CPU
		{96C8C2EF-56AD-419E-8F01-D04F9F0B2FFD}.Debug|x86.Build.0 = Debug|Any CPU
		{96C8C2EF-56AD-419E-8F01-D04F9F0B2FFD}.Release|Any CPU.ActiveCfg = Release|Any CPU
		{96C8C2EF-56AD-419E-8F01-D04F9F0B2FFD}.Release|Any CPU.Build.0 = Release|Any CPU
		{96C8C2EF-56AD-419E-8F01-D04F9F0B2FFD}.Release|x64.ActiveCfg = Release|Any CPU
		{96C8C2EF-56AD-419E-8F01-D04F9F0B2FFD}.Release|x64.Build.0 = Release|Any CPU
		{96C8C2EF-56AD-419E-8F01-D04F9F0B2FFD}.Release|x86.ActiveCfg = Release|Any CPU
		{96C8C2EF-56AD-419E-8F01-D04F9F0B2FFD}.Release|x86.Build.0 = Release|Any CPU
		{104FE452-D8F7-4212-852E-6504ACDEC25F}.Debug|Any CPU.ActiveCfg = Debug|Any CPU
		{104FE452-D8F7-4212-852E-6504ACDEC25F}.Debug|Any CPU.Build.0 = Debug|Any CPU
		{104FE452-D8F7-4212-852E-6504ACDEC25F}.Debug|x64.ActiveCfg = Debug|Any CPU
		{104FE452-D8F7-4212-852E-6504ACDEC25F}.Debug|x64.Build.0 = Debug|Any CPU
		{104FE452-D8F7-4212-852E-6504ACDEC25F}.Debug|x86.ActiveCfg = Debug|Any CPU
		{104FE452-D8F7-4212-852E-6504ACDEC25F}.Debug|x86.Build.0 = Debug|Any CPU
		{104FE452-D8F7-4212-852E-6504ACDEC25F}.Release|Any CPU.ActiveCfg = Release|Any CPU
		{104FE452-D8F7-4212-852E-6504ACDEC25F}.Release|Any CPU.Build.0 = Release|Any CPU
		{104FE452-D8F7-4212-852E-6504ACDEC25F}.Release|x64.ActiveCfg = Release|Any CPU
		{104FE452-D8F7-4212-852E-6504ACDEC25F}.Release|x64.Build.0 = Release|Any CPU
		{104FE452-D8F7-4212-852E-6504ACDEC25F}.Release|x86.ActiveCfg = Release|Any CPU
		{104FE452-D8F7-4212-852E-6504ACDEC25F}.Release|x86.Build.0 = Release|Any CPU
	EndGlobalSection
EndGlobal
