
Microsoft Visual Studio Solution File, Format Version 12.00
# Visual Studio Version 16
VisualStudioVersion = 16.0.30114.105
MinimumVisualStudioVersion = 10.0.40219.1
Project("{FAE04EC0-301F-11D3-BF4B-00C04F79EFBC}") = "TestCommon", "..\TestCommon\TestCommon.csproj", "{E75F88CD-4E93-437C-B46C-872C1058528E}"
EndProject
Project("{FAE04EC0-301F-11D3-BF4B-00C04F79EFBC}") = "A2", "A2\A2.csproj", "{C10B851C-4D64-43F3-BA3C-0F76AE648E63}"
EndProject
Project("{FAE04EC0-301F-11D3-BF4B-00C04F79EFBC}") = "A2.Tests", "A2.Tests\A2.Tests.csproj", "{950EF33F-33C1-4035-8338-04A949970979}"
EndProject
Global
	GlobalSection(SolutionConfigurationPlatforms) = preSolution
		Debug|Any CPU = Debug|Any CPU
		Debug|x64 = Debug|x64
		Debug|x86 = Debug|x86
		Release|Any CPU = Release|Any CPU
		Release|x64 = Release|x64
		Release|x86 = Release|x86
	EndGlobalSection
	GlobalSection(SolutionProperties) = preSolution
		HideSolutionNode = FALSE
	EndGlobalSection
	GlobalSection(ProjectConfigurationPlatforms) = postSolution
		{E75F88CD-4E93-437C-B46C-872C1058528E}.Debug|Any CPU.ActiveCfg = Debug|Any CPU
		{E75F88CD-4E93-437C-B46C-872C1058528E}.Debug|Any CPU.Build.0 = Debug|Any CPU
		{E75F88CD-4E93-437C-B46C-872C1058528E}.Debug|x64.ActiveCfg = Debug|Any CPU
		{E75F88CD-4E93-437C-B46C-872C1058528E}.Debug|x64.Build.0 = Debug|Any CPU
		{E75F88CD-4E93-437C-B46C-872C1058528E}.Debug|x86.ActiveCfg = Debug|Any CPU
		{E75F88CD-4E93-437C-B46C-872C1058528E}.Debug|x86.Build.0 = Debug|Any CPU
		{E75F88CD-4E93-437C-B46C-872C1058528E}.Release|Any CPU.ActiveCfg = Release|Any CPU
		{E75F88CD-4E93-437C-B46C-872C1058528E}.Release|Any CPU.Build.0 = Release|Any CPU
		{E75F88CD-4E93-437C-B46C-872C1058528E}.Release|x64.ActiveCfg = Release|Any CPU
		{E75F88CD-4E93-437C-B46C-872C1058528E}.Release|x64.Build.0 = Release|Any CPU
		{E75F88CD-4E93-437C-B46C-872C1058528E}.Release|x86.ActiveCfg = Release|Any CPU
		{E75F88CD-4E93-437C-B46C-872C1058528E}.Release|x86.Build.0 = Release|Any CPU
		{C10B851C-4D64-43F3-BA3C-0F76AE648E63}.Debug|Any CPU.ActiveCfg = Debug|Any CPU
		{C10B851C-4D64-43F3-BA3C-0F76AE648E63}.Debug|Any CPU.Build.0 = Debug|Any CPU
		{C10B851C-4D64-43F3-BA3C-0F76AE648E63}.Debug|x64.ActiveCfg = Debug|Any CPU
		{C10B851C-4D64-43F3-BA3C-0F76AE648E63}.Debug|x64.Build.0 = Debug|Any CPU
		{C10B851C-4D64-43F3-BA3C-0F76AE648E63}.Debug|x86.ActiveCfg = Debug|Any CPU
		{C10B851C-4D64-43F3-BA3C-0F76AE648E63}.Debug|x86.Build.0 = Debug|Any CPU
		{C10B851C-4D64-43F3-BA3C-0F76AE648E63}.Release|Any CPU.ActiveCfg = Release|Any CPU
		{C10B851C-4D64-43F3-BA3C-0F76AE648E63}.Release|Any CPU.Build.0 = Release|Any CPU
		{C10B851C-4D64-43F3-BA3C-0F76AE648E63}.Release|x64.ActiveCfg = Release|Any CPU
		{C10B851C-4D64-43F3-BA3C-0F76AE648E63}.Release|x64.Build.0 = Release|Any CPU
		{C10B851C-4D64-43F3-BA3C-0F76AE648E63}.Release|x86.ActiveCfg = Release|Any CPU
		{C10B851C-4D64-43F3-BA3C-0F76AE648E63}.Release|x86.Build.0 = Release|Any CPU
		{950EF33F-33C1-4035-8338-04A949970979}.Debug|Any CPU.ActiveCfg = Debug|Any CPU
		{950EF33F-33C1-4035-8338-04A949970979}.Debug|Any CPU.Build.0 = Debug|Any CPU
		{950EF33F-33C1-4035-8338-04A949970979}.Debug|x64.ActiveCfg = Debug|Any CPU
		{950EF33F-33C1-4035-8338-04A949970979}.Debug|x64.Build.0 = Debug|Any CPU
		{950EF33F-33C1-4035-8338-04A949970979}.Debug|x86.ActiveCfg = Debug|Any CPU
		{950EF33F-33C1-4035-8338-04A949970979}.Debug|x86.Build.0 = Debug|Any CPU
		{950EF33F-33C1-4035-8338-04A949970979}.Release|Any CPU.ActiveCfg = Release|Any CPU
		{950EF33F-33C1-4035-8338-04A949970979}.Release|Any CPU.Build.0 = Release|Any CPU
		{950EF33F-33C1-4035-8338-04A949970979}.Release|x64.ActiveCfg = Release|Any CPU
		{950EF33F-33C1-4035-8338-04A949970979}.Release|x64.Build.0 = Release|Any CPU
		{950EF33F-33C1-4035-8338-04A949970979}.Release|x86.ActiveCfg = Release|Any CPU
		{950EF33F-33C1-4035-8338-04A949970979}.Release|x86.Build.0 = Release|Any CPU
	EndGlobalSection
EndGlobal
