
Microsoft Visual Studio Solution File, Format Version 12.00
# Visual Studio Version 16
VisualStudioVersion = 16.0.30114.105
MinimumVisualStudioVersion = 10.0.40219.1
Project("{FAE04EC0-301F-11D3-BF4B-00C04F79EFBC}") = "TestCommon", "..\TestCommon\TestCommon.csproj", "{68EE544B-F273-47F0-8E9E-C9F5094F23D5}"
EndProject
Project("{FAE04EC0-301F-11D3-BF4B-00C04F79EFBC}") = "C7", "C7\C7.csproj", "{80B4B860-5954-4D62-8281-E8981FD2A7BB}"
EndProject
Project("{FAE04EC0-301F-11D3-BF4B-00C04F79EFBC}") = "C7.Tests", "C7.Tests\C7.Tests.csproj", "{425BACA1-0B75-4735-BB97-24E394CEF1BB}"
EndProject
Global
	GlobalSection(SolutionConfigurationPlatforms) = preSolution
		Debug|Any CPU = Debug|Any CPU
		Debug|x64 = Debug|x64
		Debug|x86 = Debug|x86
		Release|Any CPU = Release|Any CPU
		Release|x64 = Release|x64
		Release|x86 = Release|x86
	EndGlobalSection
	GlobalSection(SolutionProperties) = preSolution
		HideSolutionNode = FALSE
	EndGlobalSection
	GlobalSection(ProjectConfigurationPlatforms) = postSolution
		{68EE544B-F273-47F0-8E9E-C9F5094F23D5}.Debug|Any CPU.ActiveCfg = Debug|Any CPU
		{68EE544B-F273-47F0-8E9E-C9F5094F23D5}.Debug|Any CPU.Build.0 = Debug|Any CPU
		{68EE544B-F273-47F0-8E9E-C9F5094F23D5}.Debug|x64.ActiveCfg = Debug|Any CPU
		{68EE544B-F273-47F0-8E9E-C9F5094F23D5}.Debug|x64.Build.0 = Debug|Any CPU
		{68EE544B-F273-47F0-8E9E-C9F5094F23D5}.Debug|x86.ActiveCfg = Debug|Any CPU
		{68EE544B-F273-47F0-8E9E-C9F5094F23D5}.Debug|x86.Build.0 = Debug|Any CPU
		{68EE544B-F273-47F0-8E9E-C9F5094F23D5}.Release|Any CPU.ActiveCfg = Release|Any CPU
		{68EE544B-F273-47F0-8E9E-C9F5094F23D5}.Release|Any CPU.Build.0 = Release|Any CPU
		{68EE544B-F273-47F0-8E9E-C9F5094F23D5}.Release|x64.ActiveCfg = Release|Any CPU
		{68EE544B-F273-47F0-8E9E-C9F5094F23D5}.Release|x64.Build.0 = Release|Any CPU
		{68EE544B-F273-47F0-8E9E-C9F5094F23D5}.Release|x86.ActiveCfg = Release|Any CPU
		{68EE544B-F273-47F0-8E9E-C9F5094F23D5}.Release|x86.Build.0 = Release|Any CPU
		{80B4B860-5954-4D62-8281-E8981FD2A7BB}.Debug|Any CPU.ActiveCfg = Debug|Any CPU
		{80B4B860-5954-4D62-8281-E8981FD2A7BB}.Debug|Any CPU.Build.0 = Debug|Any CPU
		{80B4B860-5954-4D62-8281-E8981FD2A7BB}.Debug|x64.ActiveCfg = Debug|Any CPU
		{80B4B860-5954-4D62-8281-E8981FD2A7BB}.Debug|x64.Build.0 = Debug|Any CPU
		{80B4B860-5954-4D62-8281-E8981FD2A7BB}.Debug|x86.ActiveCfg = Debug|Any CPU
		{80B4B860-5954-4D62-8281-E8981FD2A7BB}.Debug|x86.Build.0 = Debug|Any CPU
		{80B4B860-5954-4D62-8281-E8981FD2A7BB}.Release|Any CPU.ActiveCfg = Release|Any CPU
		{80B4B860-5954-4D62-8281-E8981FD2A7BB}.Release|Any CPU.Build.0 = Release|Any CPU
		{80B4B860-5954-4D62-8281-E8981FD2A7BB}.Release|x64.ActiveCfg = Release|Any CPU
		{80B4B860-5954-4D62-8281-E8981FD2A7BB}.Release|x64.Build.0 = Release|Any CPU
		{80B4B860-5954-4D62-8281-E8981FD2A7BB}.Release|x86.ActiveCfg = Release|Any CPU
		{80B4B860-5954-4D62-8281-E8981FD2A7BB}.Release|x86.Build.0 = Release|Any CPU
		{425BACA1-0B75-4735-BB97-24E394CEF1BB}.Debug|Any CPU.ActiveCfg = Debug|Any CPU
		{425BACA1-0B75-4735-BB97-24E394CEF1BB}.Debug|Any CPU.Build.0 = Debug|Any CPU
		{425BACA1-0B75-4735-BB97-24E394CEF1BB}.Debug|x64.ActiveCfg = Debug|Any CPU
		{425BACA1-0B75-4735-BB97-24E394CEF1BB}.Debug|x64.Build.0 = Debug|Any CPU
		{425BACA1-0B75-4735-BB97-24E394CEF1BB}.Debug|x86.ActiveCfg = Debug|Any CPU
		{425BACA1-0B75-4735-BB97-24E394CEF1BB}.Debug|x86.Build.0 = Debug|Any CPU
		{425BACA1-0B75-4735-BB97-24E394CEF1BB}.Release|Any CPU.ActiveCfg = Release|Any CPU
		{425BACA1-0B75-4735-BB97-24E394CEF1BB}.Release|Any CPU.Build.0 = Release|Any CPU
		{425BACA1-0B75-4735-BB97-24E394CEF1BB}.Release|x64.ActiveCfg = Release|Any CPU
		{425BACA1-0B75-4735-BB97-24E394CEF1BB}.Release|x64.Build.0 = Release|Any CPU
		{425BACA1-0B75-4735-BB97-24E394CEF1BB}.Release|x86.ActiveCfg = Release|Any CPU
		{425BACA1-0B75-4735-BB97-24E394CEF1BB}.Release|x86.Build.0 = Release|Any CPU
	EndGlobalSection
EndGlobal
